
Microsoft Visual Studio Solution File, Format Version 12.00
# Visual Studio Version 17
VisualStudioVersion = 17.4.33213.308
MinimumVisualStudioVersion = 10.0.40219.1
Project("{FAE04EC0-301F-11D3-BF4B-00C04F79EFBC}") = "TiposDeDados", "TiposDeDados\TiposDeDados.csproj", "{6572CA74-27EA-473C-BA67-20513DDC5751}"
EndProject
Global
	GlobalSection(SolutionConfigurationPlatforms) = preSolution
		Debug|Any CPU = Debug|Any CPU
		Release|Any CPU = Release|Any CPU
	EndGlobalSection
	GlobalSection(ProjectConfigurationPlatforms) = postSolution
		{6572CA74-27EA-473C-BA67-20513DDC5751}.Debug|Any CPU.ActiveCfg = Debug|Any CPU
		{6572CA74-27EA-473C-BA67-20513DDC5751}.Debug|Any CPU.Build.0 = Debug|Any CPU
		{6572CA74-27EA-473C-BA67-20513DDC5751}.Release|Any CPU.ActiveCfg = Release|Any CPU
		{6572CA74-27EA-473C-BA67-20513DDC5751}.Release|Any CPU.Build.0 = Release|Any CPU
	EndGlobalSection
	GlobalSection(SolutionProperties) = preSolution
		HideSolutionNode = FALSE
	EndGlobalSection
	GlobalSection(ExtensibilityGlobals) = postSolution
		SolutionGuid = {8ECC57B7-F0EA-4805-896C-A2CC92DE79AB}
	EndGlobalSection
EndGlobal
